// !$*UTF8*$!
{
	archiveVersion = 1;
	classes = {
	};
	objectVersion = 46;
	objects = {

/* Begin PBXBuildFile section */
		B900A03919D44973002A8A28 /* EQViewController.m in Sources */ = {isa = PBXBuildFile; fileRef = B900A03819D44973002A8A28 /* EQViewController.m */; };
		B900A03B19D452CD002A8A28 /* Media.xcassets in Resources */ = {isa = PBXBuildFile; fileRef = B900A03A19D452CD002A8A28 /* Media.xcassets */; };
		B900A03D19D45569002A8A28 /* QuartzCore.framework in Frameworks */ = {isa = PBXBuildFile; fileRef = B900A03C19D45569002A8A28 /* QuartzCore.framework */; };
		B900A04019D47643002A8A28 /* EQView.m in Sources */ = {isa = PBXBuildFile; fileRef = B900A03F19D47643002A8A28 /* EQView.m */; };
		B900A04319D481AA002A8A28 /* vDSPTest.m in Sources */ = {isa = PBXBuildFile; fileRef = B900A04219D481AA002A8A28 /* vDSPTest.m */; };
		B9B47C0619D98C3E0052AEB6 /* SourceSansPro-ExtraLight.otf in Resources */ = {isa = PBXBuildFile; fileRef = B9B47C0519D98C3E0052AEB6 /* SourceSansPro-ExtraLight.otf */; };
		B9B47C0D19D9BBFF0052AEB6 /* Utils.m in Sources */ = {isa = PBXBuildFile; fileRef = B9B47C0C19D9BBFF0052AEB6 /* Utils.m */; };
		B9D241F919DAE3BC00FC01F2 /* apfelsinen.m4a in Resources */ = {isa = PBXBuildFile; fileRef = B9D241F819DAE3BC00FC01F2 /* apfelsinen.m4a */; };
		B9D241FC19DB004200FC01F2 /* JVPeakingEQ.m in Sources */ = {isa = PBXBuildFile; fileRef = B9D241FB19DB004200FC01F2 /* JVPeakingEQ.m */; };
		B9D4FED819D428260045A380 /* Foundation.framework in Frameworks */ = {isa = PBXBuildFile; fileRef = B9D4FED719D428260045A380 /* Foundation.framework */; };
		B9D4FEDA19D428260045A380 /* CoreGraphics.framework in Frameworks */ = {isa = PBXBuildFile; fileRef = B9D4FED919D428260045A380 /* CoreGraphics.framework */; };
		B9D4FEDC19D428260045A380 /* UIKit.framework in Frameworks */ = {isa = PBXBuildFile; fileRef = B9D4FEDB19D428260045A380 /* UIKit.framework */; };
		B9D4FEE219D428260045A380 /* InfoPlist.strings in Resources */ = {isa = PBXBuildFile; fileRef = B9D4FEE019D428260045A380 /* InfoPlist.strings */; };
		B9D4FEE419D428260045A380 /* main.m in Sources */ = {isa = PBXBuildFile; fileRef = B9D4FEE319D428260045A380 /* main.m */; };
		B9D4FEE819D428260045A380 /* AppDelegate.m in Sources */ = {isa = PBXBuildFile; fileRef = B9D4FEE719D428260045A380 /* AppDelegate.m */; };
		B9D4FEEB19D428260045A380 /* Main.storyboard in Resources */ = {isa = PBXBuildFile; fileRef = B9D4FEE919D428260045A380 /* Main.storyboard */; };
		B9D4FEF019D428260045A380 /* Images.xcassets in Resources */ = {isa = PBXBuildFile; fileRef = B9D4FEEF19D428260045A380 /* Images.xcassets */; };
		B9D4FEF719D428260045A380 /* XCTest.framework in Frameworks */ = {isa = PBXBuildFile; fileRef = B9D4FEF619D428260045A380 /* XCTest.framework */; };
		B9D4FEF819D428260045A380 /* Foundation.framework in Frameworks */ = {isa = PBXBuildFile; fileRef = B9D4FED719D428260045A380 /* Foundation.framework */; };
		B9D4FEF919D428260045A380 /* UIKit.framework in Frameworks */ = {isa = PBXBuildFile; fileRef = B9D4FEDB19D428260045A380 /* UIKit.framework */; };
		B9D4FF0119D428260045A380 /* InfoPlist.strings in Resources */ = {isa = PBXBuildFile; fileRef = B9D4FEFF19D428260045A380 /* InfoPlist.strings */; };
		B9D4FF0319D428260045A380 /* ParametricEQTests.m in Sources */ = {isa = PBXBuildFile; fileRef = B9D4FF0219D428260045A380 /* ParametricEQTests.m */; };
		F4C093713C93472B99EC5216 /* libPods-ParametricEQ.a in Frameworks */ = {isa = PBXBuildFile; fileRef = D9A8DB935DD543D0AFDA1F08 /* libPods-ParametricEQ.a */; };
/* End PBXBuildFile section */

/* Begin PBXContainerItemProxy section */
		B9D4FEFA19D428260045A380 /* PBXContainerItemProxy */ = {
			isa = PBXContainerItemProxy;
			containerPortal = B9D4FECC19D428260045A380 /* Project object */;
			proxyType = 1;
			remoteGlobalIDString = B9D4FED319D428260045A380;
			remoteInfo = ParametricEQ;
		};
/* End PBXContainerItemProxy section */

/* Begin PBXFileReference section */
		B900A03719D44973002A8A28 /* EQViewController.h */ = {isa = PBXFileReference; fileEncoding = 4; lastKnownFileType = sourcecode.c.h; path = EQViewController.h; sourceTree = "<group>"; };
		B900A03819D44973002A8A28 /* EQViewController.m */ = {isa = PBXFileReference; fileEncoding = 4; lastKnownFileType = sourcecode.c.objc; path = EQViewController.m; sourceTree = "<group>"; };
		B900A03A19D452CD002A8A28 /* Media.xcassets */ = {isa = PBXFileReference; lastKnownFileType = folder.assetcatalog; path = Media.xcassets; sourceTree = "<group>"; };
		B900A03C19D45569002A8A28 /* QuartzCore.framework */ = {isa = PBXFileReference; lastKnownFileType = wrapper.framework; name = QuartzCore.framework; path = System/Library/Frameworks/QuartzCore.framework; sourceTree = SDKROOT; };
		B900A03E19D47643002A8A28 /* EQView.h */ = {isa = PBXFileReference; fileEncoding = 4; lastKnownFileType = sourcecode.c.h; path = EQView.h; sourceTree = "<group>"; };
		B900A03F19D47643002A8A28 /* EQView.m */ = {isa = PBXFileReference; fileEncoding = 4; lastKnownFileType = sourcecode.c.objc; path = EQView.m; sourceTree = "<group>"; };
		B900A04119D481AA002A8A28 /* vDSPTest.h */ = {isa = PBXFileReference; fileEncoding = 4; lastKnownFileType = sourcecode.c.h; path = vDSPTest.h; sourceTree = "<group>"; };
		B900A04219D481AA002A8A28 /* vDSPTest.m */ = {isa = PBXFileReference; fileEncoding = 4; lastKnownFileType = sourcecode.c.objc; path = vDSPTest.m; sourceTree = "<group>"; };
		B9B47C0519D98C3E0052AEB6 /* SourceSansPro-ExtraLight.otf */ = {isa = PBXFileReference; lastKnownFileType = file; path = "SourceSansPro-ExtraLight.otf"; sourceTree = "<group>"; };
		B9B47C0719D9A5180052AEB6 /* constant.h */ = {isa = PBXFileReference; lastKnownFileType = sourcecode.c.h; path = constant.h; sourceTree = "<group>"; };
		B9B47C0B19D9BBFF0052AEB6 /* Utils.h */ = {isa = PBXFileReference; fileEncoding = 4; lastKnownFileType = sourcecode.c.h; path = Utils.h; sourceTree = "<group>"; };
		B9B47C0C19D9BBFF0052AEB6 /* Utils.m */ = {isa = PBXFileReference; fileEncoding = 4; lastKnownFileType = sourcecode.c.objc; path = Utils.m; sourceTree = "<group>"; };
		B9D241F819DAE3BC00FC01F2 /* apfelsinen.m4a */ = {isa = PBXFileReference; lastKnownFileType = file; path = apfelsinen.m4a; sourceTree = "<group>"; };
		B9D241FA19DB004200FC01F2 /* JVPeakingEQ.h */ = {isa = PBXFileReference; fileEncoding = 4; lastKnownFileType = sourcecode.c.h; path = JVPeakingEQ.h; sourceTree = "<group>"; };
		B9D241FB19DB004200FC01F2 /* JVPeakingEQ.m */ = {isa = PBXFileReference; fileEncoding = 4; lastKnownFileType = sourcecode.c.objc; path = JVPeakingEQ.m; sourceTree = "<group>"; };
		B9D4FED419D428260045A380 /* ParametricEQ.app */ = {isa = PBXFileReference; explicitFileType = wrapper.application; includeInIndex = 0; path = ParametricEQ.app; sourceTree = BUILT_PRODUCTS_DIR; };
		B9D4FED719D428260045A380 /* Foundation.framework */ = {isa = PBXFileReference; lastKnownFileType = wrapper.framework; name = Foundation.framework; path = System/Library/Frameworks/Foundation.framework; sourceTree = SDKROOT; };
		B9D4FED919D428260045A380 /* CoreGraphics.framework */ = {isa = PBXFileReference; lastKnownFileType = wrapper.framework; name = CoreGraphics.framework; path = System/Library/Frameworks/CoreGraphics.framework; sourceTree = SDKROOT; };
		B9D4FEDB19D428260045A380 /* UIKit.framework */ = {isa = PBXFileReference; lastKnownFileType = wrapper.framework; name = UIKit.framework; path = System/Library/Frameworks/UIKit.framework; sourceTree = SDKROOT; };
		B9D4FEDF19D428260045A380 /* ParametricEQ-Info.plist */ = {isa = PBXFileReference; lastKnownFileType = text.plist.xml; path = "ParametricEQ-Info.plist"; sourceTree = "<group>"; };
		B9D4FEE119D428260045A380 /* en */ = {isa = PBXFileReference; lastKnownFileType = text.plist.strings; name = en; path = en.lproj/InfoPlist.strings; sourceTree = "<group>"; };
		B9D4FEE319D428260045A380 /* main.m */ = {isa = PBXFileReference; lastKnownFileType = sourcecode.c.objc; path = main.m; sourceTree = "<group>"; };
		B9D4FEE519D428260045A380 /* ParametricEQ-Prefix.pch */ = {isa = PBXFileReference; lastKnownFileType = sourcecode.c.h; path = "ParametricEQ-Prefix.pch"; sourceTree = "<group>"; };
		B9D4FEE619D428260045A380 /* AppDelegate.h */ = {isa = PBXFileReference; lastKnownFileType = sourcecode.c.h; path = AppDelegate.h; sourceTree = "<group>"; };
		B9D4FEE719D428260045A380 /* AppDelegate.m */ = {isa = PBXFileReference; lastKnownFileType = sourcecode.c.objc; path = AppDelegate.m; sourceTree = "<group>"; };
		B9D4FEEA19D428260045A380 /* Base */ = {isa = PBXFileReference; lastKnownFileType = file.storyboard; name = Base; path = Base.lproj/Main.storyboard; sourceTree = "<group>"; };
		B9D4FEEF19D428260045A380 /* Images.xcassets */ = {isa = PBXFileReference; lastKnownFileType = folder.assetcatalog; path = Images.xcassets; sourceTree = "<group>"; };
		B9D4FEF519D428260045A380 /* ParametricEQTests.xctest */ = {isa = PBXFileReference; explicitFileType = wrapper.cfbundle; includeInIndex = 0; path = ParametricEQTests.xctest; sourceTree = BUILT_PRODUCTS_DIR; };
		B9D4FEF619D428260045A380 /* XCTest.framework */ = {isa = PBXFileReference; lastKnownFileType = wrapper.framework; name = XCTest.framework; path = Library/Frameworks/XCTest.framework; sourceTree = DEVELOPER_DIR; };
		B9D4FEFE19D428260045A380 /* ParametricEQTests-Info.plist */ = {isa = PBXFileReference; lastKnownFileType = text.plist.xml; path = "ParametricEQTests-Info.plist"; sourceTree = "<group>"; };
		B9D4FF0019D428260045A380 /* en */ = {isa = PBXFileReference; lastKnownFileType = text.plist.strings; name = en; path = en.lproj/InfoPlist.strings; sourceTree = "<group>"; };
		B9D4FF0219D428260045A380 /* ParametricEQTests.m */ = {isa = PBXFileReference; lastKnownFileType = sourcecode.c.objc; path = ParametricEQTests.m; sourceTree = "<group>"; };
		D9A8DB935DD543D0AFDA1F08 /* libPods-ParametricEQ.a */ = {isa = PBXFileReference; explicitFileType = archive.ar; includeInIndex = 0; path = "libPods-ParametricEQ.a"; sourceTree = BUILT_PRODUCTS_DIR; };
		EA36A13DBBC94DD88A6BAC57 /* Pods-ParametricEQ.xcconfig */ = {isa = PBXFileReference; includeInIndex = 1; lastKnownFileType = text.xcconfig; name = "Pods-ParametricEQ.xcconfig"; path = "Pods/Pods-ParametricEQ.xcconfig"; sourceTree = "<group>"; };
/* End PBXFileReference section */

/* Begin PBXFrameworksBuildPhase section */
		B9D4FED119D428260045A380 /* Frameworks */ = {
			isa = PBXFrameworksBuildPhase;
			buildActionMask = 2147483647;
			files = (
				B900A03D19D45569002A8A28 /* QuartzCore.framework in Frameworks */,
				B9D4FEDA19D428260045A380 /* CoreGraphics.framework in Frameworks */,
				B9D4FEDC19D428260045A380 /* UIKit.framework in Frameworks */,
				B9D4FED819D428260045A380 /* Foundation.framework in Frameworks */,
				F4C093713C93472B99EC5216 /* libPods-ParametricEQ.a in Frameworks */,
			);
			runOnlyForDeploymentPostprocessing = 0;
		};
		B9D4FEF219D428260045A380 /* Frameworks */ = {
			isa = PBXFrameworksBuildPhase;
			buildActionMask = 2147483647;
			files = (
				B9D4FEF719D428260045A380 /* XCTest.framework in Frameworks */,
				B9D4FEF919D428260045A380 /* UIKit.framework in Frameworks */,
				B9D4FEF819D428260045A380 /* Foundation.framework in Frameworks */,
			);
			runOnlyForDeploymentPostprocessing = 0;
		};
/* End PBXFrameworksBuildPhase section */

/* Begin PBXGroup section */
		B9B47C0A19D9BBED0052AEB6 /* Utils */ = {
			isa = PBXGroup;
			children = (
				B9B47C0B19D9BBFF0052AEB6 /* Utils.h */,
				B9B47C0C19D9BBFF0052AEB6 /* Utils.m */,
			);
			name = Utils;
			sourceTree = "<group>";
		};
		B9D4FECB19D428260045A380 = {
			isa = PBXGroup;
			children = (
				B9D4FEDD19D428260045A380 /* ParametricEQ */,
				B9D4FEFC19D428260045A380 /* ParametricEQTests */,
				B9D4FED619D428260045A380 /* Frameworks */,
				B9D4FED519D428260045A380 /* Products */,
				EA36A13DBBC94DD88A6BAC57 /* Pods-ParametricEQ.xcconfig */,
			);
			sourceTree = "<group>";
		};
		B9D4FED519D428260045A380 /* Products */ = {
			isa = PBXGroup;
			children = (
				B9D4FED419D428260045A380 /* ParametricEQ.app */,
				B9D4FEF519D428260045A380 /* ParametricEQTests.xctest */,
			);
			name = Products;
			sourceTree = "<group>";
		};
		B9D4FED619D428260045A380 /* Frameworks */ = {
			isa = PBXGroup;
			children = (
				B900A03C19D45569002A8A28 /* QuartzCore.framework */,
				B9D4FED719D428260045A380 /* Foundation.framework */,
				B9D4FED919D428260045A380 /* CoreGraphics.framework */,
				B9D4FEDB19D428260045A380 /* UIKit.framework */,
				B9D4FEF619D428260045A380 /* XCTest.framework */,
				D9A8DB935DD543D0AFDA1F08 /* libPods-ParametricEQ.a */,
			);
			name = Frameworks;
			sourceTree = "<group>";
		};
		B9D4FEDD19D428260045A380 /* ParametricEQ */ = {
			isa = PBXGroup;
			children = (
				B9B47C0A19D9BBED0052AEB6 /* Utils */,
				B9B47C0719D9A5180052AEB6 /* constant.h */,
				B9D4FEE619D428260045A380 /* AppDelegate.h */,
				B9D4FEE719D428260045A380 /* AppDelegate.m */,
				B9D4FEE919D428260045A380 /* Main.storyboard */,
				B9D241FA19DB004200FC01F2 /* JVPeakingEQ.h */,
				B9D241FB19DB004200FC01F2 /* JVPeakingEQ.m */,
				B900A04119D481AA002A8A28 /* vDSPTest.h */,
				B900A04219D481AA002A8A28 /* vDSPTest.m */,
				B900A03719D44973002A8A28 /* EQViewController.h */,
				B900A03819D44973002A8A28 /* EQViewController.m */,
				B900A03E19D47643002A8A28 /* EQView.h */,
				B900A03F19D47643002A8A28 /* EQView.m */,
				B9D4FEEF19D428260045A380 /* Images.xcassets */,
				B900A03A19D452CD002A8A28 /* Media.xcassets */,
				B9D4FEDE19D428260045A380 /* Supporting Files */,
			);
			path = ParametricEQ;
			sourceTree = "<group>";
		};
		B9D4FEDE19D428260045A380 /* Supporting Files */ = {
			isa = PBXGroup;
			children = (
				B9D241F819DAE3BC00FC01F2 /* apfelsinen.m4a */,
				B9B47C0519D98C3E0052AEB6 /* SourceSansPro-ExtraLight.otf */,
				B9D4FEDF19D428260045A380 /* ParametricEQ-Info.plist */,
				B9D4FEE019D428260045A380 /* InfoPlist.strings */,
				B9D4FEE319D428260045A380 /* main.m */,
				B9D4FEE519D428260045A380 /* ParametricEQ-Prefix.pch */,
			);
			name = "Supporting Files";
			sourceTree = "<group>";
		};
		B9D4FEFC19D428260045A380 /* ParametricEQTests */ = {
			isa = PBXGroup;
			children = (
				B9D4FF0219D428260045A380 /* ParametricEQTests.m */,
				B9D4FEFD19D428260045A380 /* Supporting Files */,
			);
			path = ParametricEQTests;
			sourceTree = "<group>";
		};
		B9D4FEFD19D428260045A380 /* Supporting Files */ = {
			isa = PBXGroup;
			children = (
				B9D4FEFE19D428260045A380 /* ParametricEQTests-Info.plist */,
				B9D4FEFF19D428260045A380 /* InfoPlist.strings */,
			);
			name = "Supporting Files";
			sourceTree = "<group>";
		};
/* End PBXGroup section */

/* Begin PBXNativeTarget section */
		B9D4FED319D428260045A380 /* ParametricEQ */ = {
			isa = PBXNativeTarget;
			buildConfigurationList = B9D4FF0619D428260045A380 /* Build configuration list for PBXNativeTarget "ParametricEQ" */;
			buildPhases = (
				A21129CCAAAB4588AA1152B1 /* Check Pods Manifest.lock */,
				B9D4FED019D428260045A380 /* Sources */,
				B9D4FED119D428260045A380 /* Frameworks */,
				B9D4FED219D428260045A380 /* Resources */,
				6F59E86E0C0044C0A6FF1A17 /* Copy Pods Resources */,
			);
			buildRules = (
			);
			dependencies = (
			);
			name = ParametricEQ;
			productName = ParametricEQ;
			productReference = B9D4FED419D428260045A380 /* ParametricEQ.app */;
			productType = "com.apple.product-type.application";
		};
		B9D4FEF419D428260045A380 /* ParametricEQTests */ = {
			isa = PBXNativeTarget;
			buildConfigurationList = B9D4FF0919D428260045A380 /* Build configuration list for PBXNativeTarget "ParametricEQTests" */;
			buildPhases = (
				B9D4FEF119D428260045A380 /* Sources */,
				B9D4FEF219D428260045A380 /* Frameworks */,
				B9D4FEF319D428260045A380 /* Resources */,
			);
			buildRules = (
			);
			dependencies = (
				B9D4FEFB19D428260045A380 /* PBXTargetDependency */,
			);
			name = ParametricEQTests;
			productName = ParametricEQTests;
			productReference = B9D4FEF519D428260045A380 /* ParametricEQTests.xctest */;
			productType = "com.apple.product-type.bundle.unit-test";
		};
/* End PBXNativeTarget section */

/* Begin PBXProject section */
		B9D4FECC19D428260045A380 /* Project object */ = {
			isa = PBXProject;
			attributes = {
				LastUpgradeCheck = 0510;
				ORGANIZATIONNAME = "Julian Vogels";
				TargetAttributes = {
					B9D4FEF419D428260045A380 = {
						TestTargetID = B9D4FED319D428260045A380;
					};
				};
			};
			buildConfigurationList = B9D4FECF19D428260045A380 /* Build configuration list for PBXProject "ParametricEQ" */;
			compatibilityVersion = "Xcode 3.2";
			developmentRegion = English;
			hasScannedForEncodings = 0;
			knownRegions = (
				en,
				Base,
			);
			mainGroup = B9D4FECB19D428260045A380;
			productRefGroup = B9D4FED519D428260045A380 /* Products */;
			projectDirPath = "";
			projectRoot = "";
			targets = (
				B9D4FED319D428260045A380 /* ParametricEQ */,
				B9D4FEF419D428260045A380 /* ParametricEQTests */,
			);
		};
/* End PBXProject section */

/* Begin PBXResourcesBuildPhase section */
		B9D4FED219D428260045A380 /* Resources */ = {
			isa = PBXResourcesBuildPhase;
			buildActionMask = 2147483647;
			files = (
				B9B47C0619D98C3E0052AEB6 /* SourceSansPro-ExtraLight.otf in Resources */,
				B9D4FEF019D428260045A380 /* Images.xcassets in Resources */,
				B9D4FEE219D428260045A380 /* InfoPlist.strings in Resources */,
				B9D241F919DAE3BC00FC01F2 /* apfelsinen.m4a in Resources */,
				B900A03B19D452CD002A8A28 /* Media.xcassets in Resources */,
				B9D4FEEB19D428260045A380 /* Main.storyboard in Resources */,
			);
			runOnlyForDeploymentPostprocessing = 0;
		};
		B9D4FEF319D428260045A380 /* Resources */ = {
			isa = PBXResourcesBuildPhase;
			buildActionMask = 2147483647;
			files = (
				B9D4FF0119D428260045A380 /* InfoPlist.strings in Resources */,
			);
			runOnlyForDeploymentPostprocessing = 0;
		};
/* End PBXResourcesBuildPhase section */

/* Begin PBXShellScriptBuildPhase section */
		6F59E86E0C0044C0A6FF1A17 /* Copy Pods Resources */ = {
			isa = PBXShellScriptBuildPhase;
			buildActionMask = 2147483647;
			files = (
			);
			inputPaths = (
			);
			name = "Copy Pods Resources";
			outputPaths = (
			);
			runOnlyForDeploymentPostprocessing = 0;
			shellPath = /bin/sh;
			shellScript = "\"${SRCROOT}/Pods/Pods-ParametricEQ-resources.sh\"\n";
			showEnvVarsInLog = 0;
		};
		A21129CCAAAB4588AA1152B1 /* Check Pods Manifest.lock */ = {
			isa = PBXShellScriptBuildPhase;
			buildActionMask = 2147483647;
			files = (
			);
			inputPaths = (
			);
			name = "Check Pods Manifest.lock";
			outputPaths = (
			);
			runOnlyForDeploymentPostprocessing = 0;
			shellPath = /bin/sh;
			shellScript = "diff \"${PODS_ROOT}/../Podfile.lock\" \"${PODS_ROOT}/Manifest.lock\" > /dev/null\nif [[ $? != 0 ]] ; then\n    cat << EOM\nerror: The sandbox is not in sync with the Podfile.lock. Run 'pod install' or update your CocoaPods installation.\nEOM\n    exit 1\nfi\n";
			showEnvVarsInLog = 0;
		};
/* End PBXShellScriptBuildPhase section */

/* Begin PBXSourcesBuildPhase section */
		B9D4FED019D428260045A380 /* Sources */ = {
			isa = PBXSourcesBuildPhase;
			buildActionMask = 2147483647;
			files = (
				B900A04319D481AA002A8A28 /* vDSPTest.m in Sources */,
				B900A04019D47643002A8A28 /* EQView.m in Sources */,
				B9D241FC19DB004200FC01F2 /* JVPeakingEQ.m in Sources */,
				B9D4FEE819D428260045A380 /* AppDelegate.m in Sources */,
				B9B47C0D19D9BBFF0052AEB6 /* Utils.m in Sources */,
				B900A03919D44973002A8A28 /* EQViewController.m in Sources */,
				B9D4FEE419D428260045A380 /* main.m in Sources */,
			);
			runOnlyForDeploymentPostprocessing = 0;
		};
		B9D4FEF119D428260045A380 /* Sources */ = {
			isa = PBXSourcesBuildPhase;
			buildActionMask = 2147483647;
			files = (
				B9D4FF0319D428260045A380 /* ParametricEQTests.m in Sources */,
			);
			runOnlyForDeploymentPostprocessing = 0;
		};
/* End PBXSourcesBuildPhase section */

/* Begin PBXTargetDependency section */
		B9D4FEFB19D428260045A380 /* PBXTargetDependency */ = {
			isa = PBXTargetDependency;
			target = B9D4FED319D428260045A380 /* ParametricEQ */;
			targetProxy = B9D4FEFA19D428260045A380 /* PBXContainerItemProxy */;
		};
/* End PBXTargetDependency section */

/* Begin PBXVariantGroup section */
		B9D4FEE019D428260045A380 /* InfoPlist.strings */ = {
			isa = PBXVariantGroup;
			children = (
				B9D4FEE119D428260045A380 /* en */,
			);
			name = InfoPlist.strings;
			sourceTree = "<group>";
		};
		B9D4FEE919D428260045A380 /* Main.storyboard */ = {
			isa = PBXVariantGroup;
			children = (
				B9D4FEEA19D428260045A380 /* Base */,
			);
			name = Main.storyboard;
			sourceTree = "<group>";
		};
		B9D4FEFF19D428260045A380 /* InfoPlist.strings */ = {
			isa = PBXVariantGroup;
			children = (
				B9D4FF0019D428260045A380 /* en */,
			);
			name = InfoPlist.strings;
			sourceTree = "<group>";
		};
/* End PBXVariantGroup section */

/* Begin XCBuildConfiguration section */
		B9D4FF0419D428260045A380 /* Debug */ = {
			isa = XCBuildConfiguration;
			buildSettings = {
				ALWAYS_SEARCH_USER_PATHS = NO;
				CLANG_CXX_LANGUAGE_STANDARD = "gnu++0x";
				CLANG_CXX_LIBRARY = "libc++";
				CLANG_ENABLE_MODULES = YES;
				CLANG_ENABLE_OBJC_ARC = YES;
				CLANG_WARN_BOOL_CONVERSION = YES;
				CLANG_WARN_CONSTANT_CONVERSION = YES;
				CLANG_WARN_DIRECT_OBJC_ISA_USAGE = YES_ERROR;
				CLANG_WARN_EMPTY_BODY = YES;
				CLANG_WARN_ENUM_CONVERSION = YES;
				CLANG_WARN_INT_CONVERSION = YES;
				CLANG_WARN_OBJC_ROOT_CLASS = YES_ERROR;
				CLANG_WARN__DUPLICATE_METHOD_MATCH = YES;
				"CODE_SIGN_IDENTITY[sdk=iphoneos*]" = "iPhone Developer";
				COPY_PHASE_STRIP = NO;
				GCC_C_LANGUAGE_STANDARD = gnu99;
				GCC_DYNAMIC_NO_PIC = NO;
				GCC_OPTIMIZATION_LEVEL = 0;
				GCC_PREPROCESSOR_DEFINITIONS = (
					"DEBUG=1",
					"$(inherited)",
				);
				GCC_SYMBOLS_PRIVATE_EXTERN = NO;
				GCC_WARN_64_TO_32_BIT_CONVERSION = YES;
				GCC_WARN_ABOUT_RETURN_TYPE = YES_ERROR;
				GCC_WARN_UNDECLARED_SELECTOR = YES;
				GCC_WARN_UNINITIALIZED_AUTOS = YES_AGGRESSIVE;
				GCC_WARN_UNUSED_FUNCTION = YES;
				GCC_WARN_UNUSED_VARIABLE = YES;
				IPHONEOS_DEPLOYMENT_TARGET = 7.1;
				ONLY_ACTIVE_ARCH = YES;
				SDKROOT = iphoneos;
			};
			name = Debug;
		};
		B9D4FF0519D428260045A380 /* Release */ = {
			isa = XCBuildConfiguration;
			buildSettings = {
				ALWAYS_SEARCH_USER_PATHS = NO;
				CLANG_CXX_LANGUAGE_STANDARD = "gnu++0x";
				CLANG_CXX_LIBRARY = "libc++";
				CLANG_ENABLE_MODULES = YES;
				CLANG_ENABLE_OBJC_ARC = YES;
				CLANG_WARN_BOOL_CONVERSION = YES;
				CLANG_WARN_CONSTANT_CONVERSION = YES;
				CLANG_WARN_DIRECT_OBJC_ISA_USAGE = YES_ERROR;
				CLANG_WARN_EMPTY_BODY = YES;
				CLANG_WARN_ENUM_CONVERSION = YES;
				CLANG_WARN_INT_CONVERSION = YES;
				CLANG_WARN_OBJC_ROOT_CLASS = YES_ERROR;
				CLANG_WARN__DUPLICATE_METHOD_MATCH = YES;
				"CODE_SIGN_IDENTITY[sdk=iphoneos*]" = "iPhone Developer";
				COPY_PHASE_STRIP = YES;
				ENABLE_NS_ASSERTIONS = NO;
				GCC_C_LANGUAGE_STANDARD = gnu99;
				GCC_WARN_64_TO_32_BIT_CONVERSION = YES;
				GCC_WARN_ABOUT_RETURN_TYPE = YES_ERROR;
				GCC_WARN_UNDECLARED_SELECTOR = YES;
				GCC_WARN_UNINITIALIZED_AUTOS = YES_AGGRESSIVE;
				GCC_WARN_UNUSED_FUNCTION = YES;
				GCC_WARN_UNUSED_VARIABLE = YES;
				IPHONEOS_DEPLOYMENT_TARGET = 7.1;
				SDKROOT = iphoneos;
				VALIDATE_PRODUCT = YES;
			};
			name = Release;
		};
		B9D4FF0719D428260045A380 /* Debug */ = {
			isa = XCBuildConfiguration;
			baseConfigurationReference = EA36A13DBBC94DD88A6BAC57 /* Pods-ParametricEQ.xcconfig */;
			buildSettings = {
				ASSETCATALOG_COMPILER_APPICON_NAME = AppIcon;
				ASSETCATALOG_COMPILER_LAUNCHIMAGE_NAME = LaunchImage;
				GCC_INPUT_FILETYPE = sourcecode.cpp.objcpp;
				GCC_PRECOMPILE_PREFIX_HEADER = YES;
				GCC_PREFIX_HEADER = "ParametricEQ/ParametricEQ-Prefix.pch";
				INFOPLIST_FILE = "ParametricEQ/ParametricEQ-Info.plist";
				PRODUCT_NAME = "$(TARGET_NAME)";
				WRAPPER_EXTENSION = app;
			};
			name = Debug;
		};
		B9D4FF0819D428260045A380 /* Release */ = {
			isa = XCBuildConfiguration;
			baseConfigurationReference = EA36A13DBBC94DD88A6BAC57 /* Pods-ParametricEQ.xcconfig */;
			buildSettings = {
				ASSETCATALOG_COMPILER_APPICON_NAME = AppIcon;
				ASSETCATALOG_COMPILER_LAUNCHIMAGE_NAME = LaunchImage;
				GCC_INPUT_FILETYPE = sourcecode.cpp.objcpp;
				GCC_PRECOMPILE_PREFIX_HEADER = YES;
				GCC_PREFIX_HEADER = "ParametricEQ/ParametricEQ-Prefix.pch";
				INFOPLIST_FILE = "ParametricEQ/ParametricEQ-Info.plist";
				PRODUCT_NAME = "$(TARGET_NAME)";
				WRAPPER_EXTENSION = app;
			};
			name = Release;
		};
		B9D4FF0A19D428260045A380 /* Debug */ = {
			isa = XCBuildConfiguration;
			buildSettings = {
				BUNDLE_LOADER = "$(BUILT_PRODUCTS_DIR)/ParametricEQ.app/ParametricEQ";
				FRAMEWORK_SEARCH_PATHS = (
					"$(SDKROOT)/Developer/Library/Frameworks",
					"$(inherited)",
					"$(DEVELOPER_FRAMEWORKS_DIR)",
				);
				GCC_PRECOMPILE_PREFIX_HEADER = YES;
				GCC_PREFIX_HEADER = "ParametricEQ/ParametricEQ-Prefix.pch";
				GCC_PREPROCESSOR_DEFINITIONS = (
					"DEBUG=1",
					"$(inherited)",
				);
				INFOPLIST_FILE = "ParametricEQTests/ParametricEQTests-Info.plist";
				PRODUCT_NAME = "$(TARGET_NAME)";
				TEST_HOST = "$(BUNDLE_LOADER)";
				WRAPPER_EXTENSION = xctest;
			};
			name = Debug;
		};
		B9D4FF0B19D428260045A380 /* Release */ = {
			isa = XCBuildConfiguration;
			buildSettings = {
				BUNDLE_LOADER = "$(BUILT_PRODUCTS_DIR)/ParametricEQ.app/ParametricEQ";
				FRAMEWORK_SEARCH_PATHS = (
					"$(SDKROOT)/Developer/Library/Frameworks",
					"$(inherited)",
					"$(DEVELOPER_FRAMEWORKS_DIR)",
				);
				GCC_PRECOMPILE_PREFIX_HEADER = YES;
				GCC_PREFIX_HEADER = "ParametricEQ/ParametricEQ-Prefix.pch";
				INFOPLIST_FILE = "ParametricEQTests/ParametricEQTests-Info.plist";
				PRODUCT_NAME = "$(TARGET_NAME)";
				TEST_HOST = "$(BUNDLE_LOADER)";
				WRAPPER_EXTENSION = xctest;
			};
			name = Release;
		};
/* End XCBuildConfiguration section */

/* Begin XCConfigurationList section */
		B9D4FECF19D428260045A380 /* Build configuration list for PBXProject "ParametricEQ" */ = {
			isa = XCConfigurationList;
			buildConfigurations = (
				B9D4FF0419D428260045A380 /* Debug */,
				B9D4FF0519D428260045A380 /* Release */,
			);
			defaultConfigurationIsVisible = 0;
			defaultConfigurationName = Release;
		};
		B9D4FF0619D428260045A380 /* Build configuration list for PBXNativeTarget "ParametricEQ" */ = {
			isa = XCConfigurationList;
			buildConfigurations = (
				B9D4FF0719D428260045A380 /* Debug */,
				B9D4FF0819D428260045A380 /* Release */,
			);
			defaultConfigurationIsVisible = 0;
			defaultConfigurationName = Release;
		};
		B9D4FF0919D428260045A380 /* Build configuration list for PBXNativeTarget "ParametricEQTests" */ = {
			isa = XCConfigurationList;
			buildConfigurations = (
				B9D4FF0A19D428260045A380 /* Debug */,
				B9D4FF0B19D428260045A380 /* Release */,
			);
			defaultConfigurationIsVisible = 0;
			defaultConfigurationName = Release;
		};
/* End XCConfigurationList section */
	};
	rootObject = B9D4FECC19D428260045A380 /* Project object */;
}
